
Microsoft Visual Studio Solution File, Format Version 12.00
# Visual Studio Version 17
VisualStudioVersion = 17.8.34309.116
MinimumVisualStudioVersion = 10.0.40219.1
Project("{FAE04EC0-301F-11D3-BF4B-00C04F79EFBC}") = "Opgave 1 og 2", "Opgave 1 og 2\Opgave 1 og 2.csproj", "{8723AA3A-64B4-4A04-BE07-02E51C484C07}"
EndProject
Global
	GlobalSection(SolutionConfigurationPlatforms) = preSolution
		Debug|Any CPU = Debug|Any CPU
		Release|Any CPU = Release|Any CPU
	EndGlobalSection
	GlobalSection(ProjectConfigurationPlatforms) = postSolution
		{8723AA3A-64B4-4A04-BE07-02E51C484C07}.Debug|Any CPU.ActiveCfg = Debug|Any CPU
		{8723AA3A-64B4-4A04-BE07-02E51C484C07}.Debug|Any CPU.Build.0 = Debug|Any CPU
		{8723AA3A-64B4-4A04-BE07-02E51C484C07}.Release|Any CPU.ActiveCfg = Release|Any CPU
		{8723AA3A-64B4-4A04-BE07-02E51C484C07}.Release|Any CPU.Build.0 = Release|Any CPU
	EndGlobalSection
	GlobalSection(SolutionProperties) = preSolution
		HideSolutionNode = FALSE
	EndGlobalSection
	GlobalSection(ExtensibilityGlobals) = postSolution
		SolutionGuid = {44835E99-CD94-445C-AF37-5EE394798B76}
	EndGlobalSection
EndGlobal
